
Microsoft Visual Studio Solution File, Format Version 12.00
# Visual Studio Version 16
VisualStudioVersion = 16.0.30114.105
MinimumVisualStudioVersion = 10.0.40219.1
Project("{FAE04EC0-301F-11D3-BF4B-00C04F79EFBC}") = "MyApp", "MyApp\MyApp.csproj", "{D2B277B8-865F-47BF-8BD3-ADD81419D6DC}"
EndProject
Project("{FAE04EC0-301F-11D3-BF4B-00C04F79EFBC}") = "MyApp.Tests", "MyApp.Tests\MyApp.Tests.csproj", "{D606B669-A934-4A0A-A241-9171C0CCE1EA}"
EndProject
Global
	GlobalSection(SolutionConfigurationPlatforms) = preSolution
		Debug|Any CPU = Debug|Any CPU
		Release|Any CPU = Release|Any CPU
	EndGlobalSection
	GlobalSection(SolutionProperties) = preSolution
		HideSolutionNode = FALSE
	EndGlobalSection
	GlobalSection(ProjectConfigurationPlatforms) = postSolution
		{D2B277B8-865F-47BF-8BD3-ADD81419D6DC}.Debug|Any CPU.ActiveCfg = Debug|Any CPU
		{D2B277B8-865F-47BF-8BD3-ADD81419D6DC}.Debug|Any CPU.Build.0 = Debug|Any CPU
		{D2B277B8-865F-47BF-8BD3-ADD81419D6DC}.Release|Any CPU.ActiveCfg = Release|Any CPU
		{D2B277B8-865F-47BF-8BD3-ADD81419D6DC}.Release|Any CPU.Build.0 = Release|Any CPU
		{D606B669-A934-4A0A-A241-9171C0CCE1EA}.Debug|Any CPU.ActiveCfg = Debug|Any CPU
		{D606B669-A934-4A0A-A241-9171C0CCE1EA}.Debug|Any CPU.Build.0 = Debug|Any CPU
		{D606B669-A934-4A0A-A241-9171C0CCE1EA}.Release|Any CPU.ActiveCfg = Release|Any CPU
		{D606B669-A934-4A0A-A241-9171C0CCE1EA}.Release|Any CPU.Build.0 = Release|Any CPU
	EndGlobalSection
EndGlobal
